<?xml version="1.0" encoding="utf-8"?>
<Project ToolsVersion="4.0" xmlns="http://schemas.microsoft.com/developer/msbuild/2003">
  <ItemGroup>
    <Filter Include="リソース ファイル">
      <UniqueIdentifier>{67DA6AB6-F800-4c08-8B7A-83BB121AAD01}</UniqueIdentifier>
      <Extensions>rc;ico;cur;bmp;dlg;rc2;rct;bin;rgs;gif;jpg;jpeg;jpe;resx;tiff;tif;png;wav</Extensions>
    </Filter>
    <Filter Include="シェーダー">
      <UniqueIdentifier>{5fc7559b-c141-4ecd-b664-927ab910afda}</UniqueIdentifier>
    </Filter>
    <Filter Include="IEX">
      <UniqueIdentifier>{38fbec0a-1dc8-4967-afe0-3a6584026b2f}</UniqueIdentifier>
    </Filter>
  </ItemGroup>
  <ItemGroup>
    <ClCompile Include="IEX\IEX_2DObject.cpp">
      <Filter>IEX</Filter>
    </ClCompile>
    <ClCompile Include="IEX\IEX_3DObject.cpp">
      <Filter>IEX</Filter>
    </ClCompile>
    <ClCompile Include="IEX\IEX_Audio.cpp">
      <Filter>IEX</Filter>
    </ClCompile>
    <ClCompile Include="IEX\IEX_Direct3D.cpp">
      <Filter>IEX</Filter>
    </ClCompile>
    <ClCompile Include="IEX\IEX_Input.cpp">
      <Filter>IEX</Filter>
    </ClCompile>
    <ClCompile Include="IEX\IEX_Light.cpp">
      <Filter>IEX</Filter>
    </ClCompile>
    <ClCompile Include="IEX\IEX_Math.cpp">
      <Filter>IEX</Filter>
    </ClCompile>
    <ClCompile Include="IEX\IEX_Mesh.cpp">
      <Filter>IEX</Filter>
    </ClCompile>
    <ClCompile Include="IEX\IEX_Particle.cpp">
      <Filter>IEX</Filter>
    </ClCompile>
    <ClCompile Include="IEX\IEX_Polygon.cpp">
      <Filter>IEX</Filter>
    </ClCompile>
    <ClCompile Include="IEX\IEX_RenderState.cpp">
      <Filter>IEX</Filter>
    </ClCompile>
    <ClCompile Include="IEX\IEX_Shader.cpp">
      <Filter>IEX</Filter>
    </ClCompile>
    <ClCompile Include="IEX\IEX_SkinMesh.cpp">
      <Filter>IEX</Filter>
    </ClCompile>
    <ClCompile Include="IEX\IEX_System.cpp">
      <Filter>IEX</Filter>
    </ClCompile>
    <ClCompile Include="IEX\IEX_Texture.cpp">
      <Filter>IEX</Filter>
    </ClCompile>
    <ClCompile Include="IEX\IEX_View.cpp">
      <Filter>IEX</Filter>
    </ClCompile>
    <ClCompile Include="source\Ball\Ball.cpp" />
    <ClCompile Include="source\Ball\UsualBall.cpp" />
    <ClCompile Include="source\brendanimation\BlendAnimationMesh.cpp" />
    <ClCompile Include="source\character\Lacrosse\LacrosseAttackClose.cpp" />
    <ClCompile Include="source\character\Lacrosse\LacrosseCounterPoseClass.cpp" />
    <ClCompile Include="source\character\Lacrosse\LacrossePlayer.cpp" />
    <ClCompile Include="source\character\Lacrosse\LacrossePlayerState.cpp" />
    <ClCompile Include="source\character\Tennis\TennisPlayer.cpp" />
    <ClCompile Include="source\character\CharacterBase.cpp" />
    <ClCompile Include="source\character\CharacterFunction.cpp" />
    <ClCompile Include="source\character\CharacterMoveClass.cpp" />
    <ClCompile Include="source\character\CharacterRenderer.cpp" />
    <ClCompile Include="source\character\CharacterSliding.cpp" />
    <ClCompile Include="source\Damage\Damage.cpp" />
    <ClCompile Include="source\GameScene\sceneGamePlay.cpp" />
    <ClCompile Include="source\GameScene\sceneMain.cpp" />
    <ClCompile Include="source\GameSystem\GameController.cpp" />
    <ClCompile Include="source\GameSystem\GameObject.cpp" />
    <ClCompile Include="source\IexSystem\Framework.cpp" />
    <ClCompile Include="source\IexSystem\System.cpp" />
    <ClCompile Include="source\IexSystem\WinMain.cpp" />
    <ClCompile Include="source\Render\MeshRenderer.cpp" />
    <ClCompile Include="source\Render\Renderer.cpp" />
    <ClCompile Include="source\character\Soccer\SoccerPlayer.cpp" />
    <ClCompile Include="source\character\Soccer\SoccerPlayerState.cpp" />
    <ClCompile Include="source\character\CharacterManager.cpp" />
    <ClCompile Include="source\Collision\Collision.cpp" />
    <ClCompile Include="source\character\Lacrosse\LacrosseCounterClass.cpp" />
    <ClCompile Include="source\character\CharacterEvasionClass.cpp" />
    <ClCompile Include="source\Collision\MeshCollider.cpp" />
    <ClCompile Include="source\character\CharacterCounterClass.cpp" />
    <ClCompile Include="source\character\CharacterShotAttackClass.cpp" />
    <ClCompile Include="source\Library\Effekseer\EffekseerSystem.cpp" />
    <ClCompile Include="source\Library\Effekseer\EffekseerEffectManager.cpp" />
    <ClCompile Include="source\Library\Effekseer\EffekseerEffect.cpp" />
    <ClCompile Include="source\Library\Bullet\BulletSystem.cpp" />
    <ClCompile Include="source\Library\Bullet\BulletDebug.cpp" />
    <ClCompile Include="source\character\Amefoot\AmefootPlayer.cpp" />
    <ClCompile Include="source\character\Amefoot\AmefootPlayerState.cpp" />
    <ClCompile Include="source\character\Baseball\BaseballPlayer.cpp" />
    <ClCompile Include="source\character\Baseball\BaseballPlayerState.cpp" />
    <ClCompile Include="source\character\CharacterDamageMotion.cpp" />
    <ClCompile Include="source\character\Tennis\TennisPlayerState_DamageMotionWeak.cpp" />
    <ClCompile Include="source\character\Tennis\Tennis_HitEvent.cpp" />
    <ClCompile Include="source\character\Tennis\TennisPlayerState_Attack.cpp" />
    <ClCompile Include="source\character\Tennis\TennisPlayerState_Counter.cpp" />
    <ClCompile Include="source\character\Tennis\TennisPlayerState_UsualMove.cpp" />
    <ClCompile Include="source\character\CharacterDamageVanish.cpp" />
    <ClCompile Include="source\character\Baseball\Baseball_HitEvent.cpp" />
    <ClCompile Include="source\character\Baseball\BaseballPlayerState_DamageMotionWeak.cpp" />
    <ClCompile Include="source\character\Baseball\BaseballState_PlayerControll_Evasion.cpp" />
    <ClCompile Include="source\character\Baseball\BaseballState_PlayerControll_ShotAttack_B.cpp" />
    <ClCompile Include="source\character\Baseball\BaseballState_PlayerControll_ShotAttack_P.cpp" />
    <ClCompile Include="source\Ball\MilderHoming.cpp" />
    <ClCompile Include="source\character\Attack\CharacterAttack.cpp" />
    <ClCompile Include="source\character\Soccer\SoccerDash.cpp" />
    <ClCompile Include="source\character\Soccer\SoccerSliding.cpp" />
    <ClCompile Include="source\character\VolleyBall\VolleyBallPlayer.cpp" />
    <ClCompile Include="source\character\VolleyBall\VolleyBallPlayerState.cpp" />
    <ClCompile Include="source\Collision\GameObjectCollisionMesh.cpp" />
    <ClCompile Include="source\debug\DebugDraw.cpp" />
    <ClCompile Include="source\utillity\ColorUtility.cpp" />
    <ClCompile Include="source\GameSystem\ResourceManager.cpp" />
    <ClCompile Include="source\character\Tennis\TennisPlayerState_Vanish.cpp" />
    <ClCompile Include="source\Camera\Camera.cpp" />
    <ClCompile Include="source\Camera\CameraState.cpp" />
    <ClCompile Include="source\utillity\PlayerGauge.cpp" />
    <ClCompile Include="source\GameSystem\GameEventer.cpp" />
    <ClCompile Include="source\Render\System\BlurEffectRenderer.cpp" />
    <ClCompile Include="source\Render\System\DeferredGbufRenderer.cpp" />
    <ClCompile Include="source\Render\System\DeferredLightBufRenderer.cpp" />
    <ClCompile Include="source\Render\System\DeferredLightManager.cpp" />
    <ClCompile Include="source\Render\System\SmalBufBlurRenderer.cpp" />
    <ClCompile Include="source\Render\LightObject.cpp" />
    <ClCompile Include="source\GameSystem\GameInitilizer_DevelopMode.cpp" />
    <ClCompile Include="source\Effect\ParticleRenderer.cpp" />
    <ClCompile Include="source\Effect\ParticleMoveObject.cpp" />
    <ClCompile Include="source\Effect\ParticleBase.cpp" />
    <ClCompile Include="source\Render\ForwardHDR_MeshRenderer.cpp" />
    <ClCompile Include="source\utillity\Locus.cpp" />
    <ClCompile Include="source\Effect\EffectResourceLoad.cpp" />
    <ClCompile Include="source\Stage\HitStageObject.cpp" />
    <ClCompile Include="source\Effect\FadeGameObject.cpp" />
    <ClCompile Include="source\character\Tennis\TennisPlayerState_DamageMotionDie.cpp" />
    <ClCompile Include="source\Render\BlurObject.cpp" />
    <ClCompile Include="source\Effect\BlurImpact.cpp" />
    <ClCompile Include="source\Effect\HitEffectObject.cpp" />
    <ClCompile Include="source\character\CharacterDefaultCounterClass.cpp" />
    <ClCompile Include="source\UI\PlayerGauge.cpp" />
    <ClCompile Include="source\Stage\PhysicsMeshObject.cpp" />
    <ClCompile Include="source\Ball\BallFadeOutRenderer.cpp" />
    <ClCompile Include="source\character\Attack\CharacterDefaultNearAtk.cpp" />
    <ClCompile Include="source\character\Tennis\TennisAttackClass.cpp" />
    <ClCompile Include="source\character\Tennis\TennisAttackInfo_UsualAtk.cpp" />
    <ClCompile Include="source\character\Tennis\Computer\TennisPlayerState_ComMove.cpp" />
    <ClCompile Include="source\utillity\LocusHDR.cpp" />
    <ClCompile Include="source\character\Tennis\TennisState_Rolling.cpp" />
    <ClCompile Include="source\character\Tennis\TennisState_BoundBallAtk.cpp" />
    <ClCompile Include="source\Effect\AnimationBordRenderer.cpp" />
    <ClCompile Include="source\Effect\EffectFactory.cpp" />
    <ClCompile Include="source\character\Tennis\TennisState_Shot.cpp" />
    <ClCompile Include="source\Ball\PhysicallyMoveBall.cpp" />
    <ClCompile Include="source\Effect\ParticleHDRRenderer.cpp" />
    <ClCompile Include="source\Effect\ImpactLightObject.cpp" />
    <ClCompile Include="source\character\Tennis\TennisSpecialAtk.cpp" />
    <ClCompile Include="source\UI\RoundUI.cpp" />
    <ClCompile Include="source\Effect\StageSmokeEmitter.cpp" />
    <ClCompile Include="source\Effect\ParticleManager.cpp" />
    <ClCompile Include="source\Effect\ParticleManagerUpdater.cpp" />
    <ClCompile Include="source\UI\FightUI.cpp" />
  </ItemGroup>
  <ItemGroup>
    <ClInclude Include="IEX\iextreme.h">
      <Filter>IEX</Filter>
    </ClInclude>
    <ClInclude Include="source\Ball\Ball.h" />
    <ClInclude Include="source\Ball\UsualBall.h" />
    <ClInclude Include="source\brendanimation\BlendAnimationMesh.h" />
    <ClInclude Include="source\character\Lacrosse\LacrosseAttackClose.h" />
    <ClInclude Include="source\character\Lacrosse\LacrosseCounterPoseClass.h" />
    <ClInclude Include="source\character\Lacrosse\LacrossePlayer.h" />
    <ClInclude Include="source\character\Lacrosse\LacrossePlayerState.h" />
    <ClInclude Include="source\character\Tennis\TennisPlayer.h" />
    <ClInclude Include="source\character\CharacterBase.h" />
    <ClInclude Include="source\character\CharacterFunction.h" />
    <ClInclude Include="source\character\CharacterMoveClass.h" />
    <ClInclude Include="source\character\CharacterRenderer.h" />
    <ClInclude Include="source\character\CharacterSliding.h" />
    <ClInclude Include="source\character\CharacterStateTemplate.h" />
    <ClInclude Include="source\Damage\Damage.h" />
    <ClInclude Include="source\debug\DebugFunction.h" />
    <ClInclude Include="source\GameScene\SceneGamePlay.h" />
    <ClInclude Include="source\GameScene\sceneMain.h" />
    <ClInclude Include="source\GameSystem\ForwardDecl.h" />
    <ClInclude Include="source\GameSystem\GameController.h" />
    <ClInclude Include="source\GameSystem\GameObject.h" />
    <ClInclude Include="source\GameSystem\GameSystem.h" />
    <ClInclude Include="source\IexSystem\Framework.h" />
    <ClInclude Include="source\IexSystem\Scene.h" />
    <ClInclude Include="source\IexSystem\System.h" />
    <ClInclude Include="source\Render\MeshRenderer.h" />
    <ClInclude Include="source\Render\Renderer.h" />
    <ClInclude Include="source\utillity\Collision.h" />
    <ClInclude Include="source\utillity\StateTemplate.h" />
    <ClInclude Include="source\character\Soccer\SoccerPlayer.h" />
    <ClInclude Include="source\character\Soccer\SoccerPlayerState.h" />
    <ClInclude Include="source\character\CharacterManager.h" />
    <ClInclude Include="source\Collision\Collision.h" />
    <ClInclude Include="source\character\Lacrosse\LacrosseCounterClass.h" />
    <ClInclude Include="source\character\CharacterEvasionClass.h" />
    <ClInclude Include="source\Collision\MeshCollider.h" />
    <ClInclude Include="source\character\CharacterCounterClass.h" />
    <ClInclude Include="source\character\CharacterShotAttackClass.h" />
    <ClInclude Include="source\Library\Bullet\BulletSystem.h" />
    <ClInclude Include="source\utillity\NonCopyable.h" />
    <ClInclude Include="source\utillity\SafeMethod.h" />
    <ClInclude Include="source\utillity\Singleton.h" />
    <ClInclude Include="source\Library\Effekseer\EffekseerEffectManager.h" />
    <ClInclude Include="source\Library\Effekseer\EffekseerEffect.h" />
    <ClInclude Include="source\Library\Effekseer\EffekseerSystem.h" />
    <ClInclude Include="source\Library\Bullet\BulletDebug.h" />
    <ClInclude Include="IEX\DebugDrawManager.h" />
    <ClInclude Include="source\character\Amefoot\AmefootPlayer.h" />
    <ClInclude Include="source\character\Amefoot\AmefootPlayerState.h" />
    <ClInclude Include="source\character\Baseball\BaseballPlayer.h" />
    <ClInclude Include="source\character\Baseball\BaseballPlayerState.h" />
    <ClInclude Include="source\character\CharacterDamageMotion.h" />
    <ClInclude Include="source\character\Tennis\TennisPlayerState_DamageMotionWeak.h" />
    <ClInclude Include="source\character\Tennis\Tennis_HitEvent.h" />
    <ClInclude Include="source\character\Tennis\TennisPlayerState_Attack.h" />
    <ClInclude Include="source\character\Tennis\TennisPlayerState_Counter.h" />
    <ClInclude Include="source\character\Tennis\TennisPlayerState_UsualMove.h" />
    <ClInclude Include="source\character\CharacterDamageVanish.h" />
    <ClInclude Include="source\character\Baseball\Baseball_HitEvent.h" />
    <ClInclude Include="source\character\Baseball\BaseballPlayerState_DamageMotionWeak.h" />
    <ClInclude Include="source\Ball\MilderHoming.h" />
    <ClInclude Include="source\character\Attack\CharacterAttack.h" />
    <ClInclude Include="source\character\Soccer\SoccerDash.h" />
    <ClInclude Include="source\character\Soccer\SoccerSliding.h" />
    <ClInclude Include="source\character\VolleyBall\VolleyBallPlayer.h" />
    <ClInclude Include="source\character\VolleyBall\VolleyBallPlayerState.h" />
    <ClInclude Include="source\Collision\GameObjectCollisionMesh.h" />
    <ClInclude Include="source\debug\DebugDraw.h" />
    <ClInclude Include="source\utillity\ColorUtility.h" />
    <ClInclude Include="source\GameSystem\ResourceManager.h" />
    <ClInclude Include="source\character\Tennis\TennisPlayerState_Vanish.h" />
    <ClInclude Include="source\Camera\Camera.h" />
    <ClInclude Include="source\Camera\CameraState.h" />
    <ClInclude Include="source\Render\Header.h" />
    <ClInclude Include="source\utillity\PlayerGauge.h" />
    <ClInclude Include="source\GameSystem\GameEventer.h" />
    <ClInclude Include="source\Render\System\BlurEffectRenderer.h" />
    <ClInclude Include="source\Render\System\DeferredGbufRenderer.h" />
    <ClInclude Include="source\Render\System\DeferredLightBufRenderer.h" />
    <ClInclude Include="source\Render\System\DeferredLightManager.h" />
    <ClInclude Include="source\Render\System\SmalBufBlurRenderer.h" />
    <ClInclude Include="source\Render\LightObject.h" />
    <ClInclude Include="source\GameSystem\GameInitializer.h" />
    <ClInclude Include="source\GameSystem\GameInitilizer_DevelopMode.h" />
    <ClInclude Include="source\utillity\StaticGameObjectTemplate.h" />
    <ClInclude Include="source\utillity\DebugControllGameObject.h" />
    <ClInclude Include="source\Effect\ParticleRenderer.h" />
    <ClInclude Include="source\Effect\ParticleMoveObject.h" />
    <ClInclude Include="source\Effect\ParticleBase.h" />
    <ClInclude Include="source\Render\ForwardHDR_MeshRenderer.h" />
    <ClInclude Include="source\utillity\Locus.h" />
    <ClInclude Include="source\Effect\EffectResourceLoad.h" />
    <ClInclude Include="source\Stage\HitStageObject.h" />
    <ClInclude Include="source\Effect\FadeGameObject.h" />
    <ClInclude Include="source\character\Tennis\TennisPlayerState_DamageMotionDie.h" />
    <ClInclude Include="source\Render\BlurObject.h" />
    <ClInclude Include="source\Effect\BlurImpact.h" />
    <ClInclude Include="source\Effect\HitEffectObject.h" />
    <ClInclude Include="source\character\CharacterDefaultCounterClass.h" />
    <ClInclude Include="source\UI\PlayerGauge.h" />
    <ClInclude Include="source\Stage\PhysicsMeshObject.h" />
    <ClInclude Include="source\Ball\BallFadeOutRenderer.h" />
    <ClInclude Include="source\character\Attack\CharacterDefaultNearAtk.h" />
    <ClInclude Include="source\character\Tennis\TennisAttackClass.h" />
    <ClInclude Include="source\character\Tennis\TennisAttackInfo_UsualAtk.h" />
    <ClInclude Include="source\character\Tennis\Computer\TennisPlayerState_ComMove.h" />
    <ClInclude Include="source\utillity\LocusHDR.h" />
    <ClInclude Include="source\character\Tennis\TennisState_Rolling.h" />
    <ClInclude Include="source\character\Tennis\TennisState_BoundBallAtk.h" />
    <ClInclude Include="source\Effect\AnimationBordRenderer.h" />
    <ClInclude Include="source\Effect\EffectFactory.h" />
    <ClInclude Include="source\character\Tennis\TennisState_Shot.h" />
    <ClInclude Include="source\Ball\PhysicallyMoveBall.h" />
    <ClInclude Include="source\Effect\ParticleHDRRenderer.h" />
    <ClInclude Include="source\Effect\ImpactLightObject.h" />
    <ClInclude Include="source\character\Tennis\TennisSpecialAtk.h" />
    <ClInclude Include="source\UI\RoundUI.h" />
    <ClInclude Include="source\Effect\StageSmokeEmitter.h" />
    <ClInclude Include="source\Effect\ParticleManager.h" />
    <ClInclude Include="source\Effect\ParticleManagerUpdater.h" />
    <ClInclude Include="source\UI\FightUI.h" />
  </ItemGroup>
  <ItemGroup>
    <None Include="DATA\Shader\2D.fx">
      <Filter>シェーダー</Filter>
    </None>
  </ItemGroup>
  <ItemGroup>
    <CustomBuild Include="DATA\Shader\3DEx.fx">
      <Filter>シェーダー</Filter>
    </CustomBuild>
  </ItemGroup>
</Project>